// !$*UTF8*$!
{
	archiveVersion = 1;
	classes = {
	};
	objectVersion = 46;
	objects = {

/* Begin PBXBuildFile section */
		A0681B5C1D2C42BF00CAF35F /* AppDelegate.swift in Sources */ = {isa = PBXBuildFile; fileRef = A0681B5B1D2C42BF00CAF35F /* AppDelegate.swift */; };
		A0681B5E1D2C42BF00CAF35F /* ViewController.swift in Sources */ = {isa = PBXBuildFile; fileRef = A0681B5D1D2C42BF00CAF35F /* ViewController.swift */; };
		A0681B611D2C42BF00CAF35F /* Main.storyboard in Resources */ = {isa = PBXBuildFile; fileRef = A0681B5F1D2C42BF00CAF35F /* Main.storyboard */; };
		A0681B631D2C42BF00CAF35F /* Assets.xcassets in Resources */ = {isa = PBXBuildFile; fileRef = A0681B621D2C42BF00CAF35F /* Assets.xcassets */; };
		A0681B661D2C42BF00CAF35F /* LaunchScreen.storyboard in Resources */ = {isa = PBXBuildFile; fileRef = A0681B641D2C42BF00CAF35F /* LaunchScreen.storyboard */; };
		A0681B6E1D2C432100CAF35F /* FBSDKLoginKit.framework in Frameworks */ = {isa = PBXBuildFile; fileRef = A0681B6D1D2C432100CAF35F /* FBSDKLoginKit.framework */; };
		A0681B701D2C433200CAF35F /* FBSDKCoreKit.framework in Frameworks */ = {isa = PBXBuildFile; fileRef = A0681B6F1D2C433200CAF35F /* FBSDKCoreKit.framework */; };
		A0681B721D2C434000CAF35F /* FBSDKShareKit.framework in Frameworks */ = {isa = PBXBuildFile; fileRef = A0681B711D2C434000CAF35F /* FBSDKShareKit.framework */; };
		A0681B761D318C7A00CAF35F /* SearchResultsTableViewController.swift in Sources */ = {isa = PBXBuildFile; fileRef = A0681B751D318C7A00CAF35F /* SearchResultsTableViewController.swift */; };
		A0681B7E1D380A0000CAF35F /* Cell.swift in Sources */ = {isa = PBXBuildFile; fileRef = A0681B7D1D380A0000CAF35F /* Cell.swift */; };
		A09DCAAD1D45AAAE009B07D7 /* MoreInfoViewController.swift in Sources */ = {isa = PBXBuildFile; fileRef = A09DCAAC1D45AAAE009B07D7 /* MoreInfoViewController.swift */; };
		A09DCAAF1D4A8633009B07D7 /* CustomButton.swift in Sources */ = {isa = PBXBuildFile; fileRef = A09DCAAE1D4A8633009B07D7 /* CustomButton.swift */; };
		A0D1C8BC1D3C5EB100169BC8 /* AnimationEngine.swift in Sources */ = {isa = PBXBuildFile; fileRef = A0D1C8BB1D3C5EB100169BC8 /* AnimationEngine.swift */; };
		BE3C2A867FA5D6D68D611FB6 /* Pods_Sold.framework in Frameworks */ = {isa = PBXBuildFile; fileRef = CB1A30F98096EC1A93A8CE22 /* Pods_Sold.framework */; };
/* End PBXBuildFile section */

/* Begin PBXFileReference section */
		A0681B581D2C42BF00CAF35F /* Sold.app */ = {isa = PBXFileReference; explicitFileType = wrapper.application; includeInIndex = 0; path = Sold.app; sourceTree = BUILT_PRODUCTS_DIR; };
		A0681B5B1D2C42BF00CAF35F /* AppDelegate.swift */ = {isa = PBXFileReference; lastKnownFileType = sourcecode.swift; path = AppDelegate.swift; sourceTree = "<group>"; };
		A0681B5D1D2C42BF00CAF35F /* ViewController.swift */ = {isa = PBXFileReference; lastKnownFileType = sourcecode.swift; path = ViewController.swift; sourceTree = "<group>"; };
		A0681B601D2C42BF00CAF35F /* Base */ = {isa = PBXFileReference; lastKnownFileType = file.storyboard; name = Base; path = Base.lproj/Main.storyboard; sourceTree = "<group>"; };
		A0681B621D2C42BF00CAF35F /* Assets.xcassets */ = {isa = PBXFileReference; lastKnownFileType = folder.assetcatalog; path = Assets.xcassets; sourceTree = "<group>"; };
		A0681B651D2C42BF00CAF35F /* Base */ = {isa = PBXFileReference; lastKnownFileType = file.storyboard; name = Base; path = Base.lproj/LaunchScreen.storyboard; sourceTree = "<group>"; };
		A0681B671D2C42BF00CAF35F /* Info.plist */ = {isa = PBXFileReference; lastKnownFileType = text.plist.xml; path = Info.plist; sourceTree = "<group>"; };
		A0681B6D1D2C432100CAF35F /* FBSDKLoginKit.framework */ = {isa = PBXFileReference; lastKnownFileType = wrapper.framework; path = FBSDKLoginKit.framework; sourceTree = "<group>"; };
		A0681B6F1D2C433200CAF35F /* FBSDKCoreKit.framework */ = {isa = PBXFileReference; lastKnownFileType = wrapper.framework; path = FBSDKCoreKit.framework; sourceTree = "<group>"; };
		A0681B711D2C434000CAF35F /* FBSDKShareKit.framework */ = {isa = PBXFileReference; lastKnownFileType = wrapper.framework; path = FBSDKShareKit.framework; sourceTree = "<group>"; };
		A0681B751D318C7A00CAF35F /* SearchResultsTableViewController.swift */ = {isa = PBXFileReference; fileEncoding = 4; lastKnownFileType = sourcecode.swift; path = SearchResultsTableViewController.swift; sourceTree = "<group>"; };
		A0681B7D1D380A0000CAF35F /* Cell.swift */ = {isa = PBXFileReference; fileEncoding = 4; lastKnownFileType = sourcecode.swift; path = Cell.swift; sourceTree = "<group>"; };
		A09DCAAC1D45AAAE009B07D7 /* MoreInfoViewController.swift */ = {isa = PBXFileReference; fileEncoding = 4; lastKnownFileType = sourcecode.swift; path = MoreInfoViewController.swift; sourceTree = "<group>"; };
		A09DCAAE1D4A8633009B07D7 /* CustomButton.swift */ = {isa = PBXFileReference; fileEncoding = 4; lastKnownFileType = sourcecode.swift; path = CustomButton.swift; sourceTree = "<group>"; };
		A0D1C8B81D3C5DD500169BC8 /* Sold-Bridging-Header.h */ = {isa = PBXFileReference; lastKnownFileType = sourcecode.c.h; path = "Sold-Bridging-Header.h"; sourceTree = "<group>"; };
		A0D1C8BB1D3C5EB100169BC8 /* AnimationEngine.swift */ = {isa = PBXFileReference; fileEncoding = 4; lastKnownFileType = sourcecode.swift; path = AnimationEngine.swift; sourceTree = "<group>"; };
		CB1A30F98096EC1A93A8CE22 /* Pods_Sold.framework */ = {isa = PBXFileReference; explicitFileType = wrapper.framework; includeInIndex = 0; path = Pods_Sold.framework; sourceTree = BUILT_PRODUCTS_DIR; };
		D1EB09500434FAA9F6665B78 /* Pods-Sold.debug.xcconfig */ = {isa = PBXFileReference; includeInIndex = 1; lastKnownFileType = text.xcconfig; name = "Pods-Sold.debug.xcconfig"; path = "Pods/Target Support Files/Pods-Sold/Pods-Sold.debug.xcconfig"; sourceTree = "<group>"; };
		F9444E2A075C11EBD8050F12 /* Pods-Sold.release.xcconfig */ = {isa = PBXFileReference; includeInIndex = 1; lastKnownFileType = text.xcconfig; name = "Pods-Sold.release.xcconfig"; path = "Pods/Target Support Files/Pods-Sold/Pods-Sold.release.xcconfig"; sourceTree = "<group>"; };
/* End PBXFileReference section */

/* Begin PBXFrameworksBuildPhase section */
		A0681B551D2C42BF00CAF35F /* Frameworks */ = {
			isa = PBXFrameworksBuildPhase;
			buildActionMask = 2147483647;
			files = (
				A0681B6E1D2C432100CAF35F /* FBSDKLoginKit.framework in Frameworks */,
				A0681B701D2C433200CAF35F /* FBSDKCoreKit.framework in Frameworks */,
				A0681B721D2C434000CAF35F /* FBSDKShareKit.framework in Frameworks */,
				BE3C2A867FA5D6D68D611FB6 /* Pods_Sold.framework in Frameworks */,
			);
			runOnlyForDeploymentPostprocessing = 0;
		};
/* End PBXFrameworksBuildPhase section */

/* Begin PBXGroup section */
		067A306348A26335D4A1046A /* Frameworks */ = {
			isa = PBXGroup;
			children = (
				CB1A30F98096EC1A93A8CE22 /* Pods_Sold.framework */,
			);
			name = Frameworks;
			sourceTree = "<group>";
		};
		A0681B4F1D2C42BF00CAF35F = {
			isa = PBXGroup;
			children = (
				A0681B5A1D2C42BF00CAF35F /* Sold */,
				A0681B591D2C42BF00CAF35F /* Products */,
				A0681B711D2C434000CAF35F /* FBSDKShareKit.framework */,
				A0681B6F1D2C433200CAF35F /* FBSDKCoreKit.framework */,
				A0681B6D1D2C432100CAF35F /* FBSDKLoginKit.framework */,
				DB32B89169503DB964EF70DC /* Pods */,
				067A306348A26335D4A1046A /* Frameworks */,
			);
			sourceTree = "<group>";
		};
		A0681B591D2C42BF00CAF35F /* Products */ = {
			isa = PBXGroup;
			children = (
				A0681B581D2C42BF00CAF35F /* Sold.app */,
			);
			name = Products;
			sourceTree = "<group>";
		};
		A0681B5A1D2C42BF00CAF35F /* Sold */ = {
			isa = PBXGroup;
			children = (
				A0681B5B1D2C42BF00CAF35F /* AppDelegate.swift */,
				A0681B5D1D2C42BF00CAF35F /* ViewController.swift */,
				A0D1C8BB1D3C5EB100169BC8 /* AnimationEngine.swift */,
				A0681B5F1D2C42BF00CAF35F /* Main.storyboard */,
				A09DCAAC1D45AAAE009B07D7 /* MoreInfoViewController.swift */,
				A0681B751D318C7A00CAF35F /* SearchResultsTableViewController.swift */,
				A09DCAAE1D4A8633009B07D7 /* CustomButton.swift */,
				A0681B7D1D380A0000CAF35F /* Cell.swift */,
				A0681B621D2C42BF00CAF35F /* Assets.xcassets */,
				A0681B641D2C42BF00CAF35F /* LaunchScreen.storyboard */,
				A0681B671D2C42BF00CAF35F /* Info.plist */,
				A0D1C8B81D3C5DD500169BC8 /* Sold-Bridging-Header.h */,
			);
			path = Sold;
			sourceTree = "<group>";
		};
		DB32B89169503DB964EF70DC /* Pods */ = {
			isa = PBXGroup;
			children = (
				D1EB09500434FAA9F6665B78 /* Pods-Sold.debug.xcconfig */,
				F9444E2A075C11EBD8050F12 /* Pods-Sold.release.xcconfig */,
			);
			name = Pods;
			sourceTree = "<group>";
		};
/* End PBXGroup section */

/* Begin PBXNativeTarget section */
		A0681B571D2C42BF00CAF35F /* Sold */ = {
			isa = PBXNativeTarget;
			buildConfigurationList = A0681B6A1D2C42BF00CAF35F /* Build configuration list for PBXNativeTarget "Sold" */;
			buildPhases = (
				6C4B51DAB0E76D28C9BDF37B /* [CP] Check Pods Manifest.lock */,
				A0681B541D2C42BF00CAF35F /* Sources */,
				A0681B551D2C42BF00CAF35F /* Frameworks */,
				A0681B561D2C42BF00CAF35F /* Resources */,
				0B4666EBE88207BD8027E313 /* [CP] Embed Pods Frameworks */,
				0FEAB42833BCD228560EA3CA /* [CP] Copy Pods Resources */,
			);
			buildRules = (
			);
			dependencies = (
			);
			name = Sold;
			productName = Sold;
			productReference = A0681B581D2C42BF00CAF35F /* Sold.app */;
			productType = "com.apple.product-type.application";
		};
/* End PBXNativeTarget section */

/* Begin PBXProject section */
		A0681B501D2C42BF00CAF35F /* Project object */ = {
			isa = PBXProject;
			attributes = {
				LastSwiftUpdateCheck = 0730;
				LastUpgradeCheck = 0730;
				ORGANIZATIONNAME = "Luis Ramirez";
				TargetAttributes = {
					A0681B571D2C42BF00CAF35F = {
						CreatedOnToolsVersion = 7.3.1;
						DevelopmentTeam = H2MNK727G4;
					};
				};
			};
			buildConfigurationList = A0681B531D2C42BF00CAF35F /* Build configuration list for PBXProject "Sold" */;
			compatibilityVersion = "Xcode 3.2";
			developmentRegion = English;
			hasScannedForEncodings = 0;
			knownRegions = (
				en,
				Base,
			);
			mainGroup = A0681B4F1D2C42BF00CAF35F;
			productRefGroup = A0681B591D2C42BF00CAF35F /* Products */;
			projectDirPath = "";
			projectRoot = "";
			targets = (
				A0681B571D2C42BF00CAF35F /* Sold */,
			);
		};
/* End PBXProject section */

/* Begin PBXResourcesBuildPhase section */
		A0681B561D2C42BF00CAF35F /* Resources */ = {
			isa = PBXResourcesBuildPhase;
			buildActionMask = 2147483647;
			files = (
				A0681B661D2C42BF00CAF35F /* LaunchScreen.storyboard in Resources */,
				A0681B631D2C42BF00CAF35F /* Assets.xcassets in Resources */,
				A0681B611D2C42BF00CAF35F /* Main.storyboard in Resources */,
			);
			runOnlyForDeploymentPostprocessing = 0;
		};
/* End PBXResourcesBuildPhase section */

/* Begin PBXShellScriptBuildPhase section */
		0B4666EBE88207BD8027E313 /* [CP] Embed Pods Frameworks */ = {
			isa = PBXShellScriptBuildPhase;
			buildActionMask = 2147483647;
			files = (
			);
			inputPaths = (
			);
			name = "[CP] Embed Pods Frameworks";
			outputPaths = (
			);
			runOnlyForDeploymentPostprocessing = 0;
			shellPath = /bin/sh;
			shellScript = "\"${SRCROOT}/Pods/Target Support Files/Pods-Sold/Pods-Sold-frameworks.sh\"\n";
			showEnvVarsInLog = 0;
		};
		0FEAB42833BCD228560EA3CA /* [CP] Copy Pods Resources */ = {
			isa = PBXShellScriptBuildPhase;
			buildActionMask = 2147483647;
			files = (
			);
			inputPaths = (
			);
			name = "[CP] Copy Pods Resources";
			outputPaths = (
			);
			runOnlyForDeploymentPostprocessing = 0;
			shellPath = /bin/sh;
			shellScript = "\"${SRCROOT}/Pods/Target Support Files/Pods-Sold/Pods-Sold-resources.sh\"\n";
			showEnvVarsInLog = 0;
		};
		6C4B51DAB0E76D28C9BDF37B /* [CP] Check Pods Manifest.lock */ = {
			isa = PBXShellScriptBuildPhase;
			buildActionMask = 2147483647;
			files = (
			);
			inputPaths = (
			);
			name = "[CP] Check Pods Manifest.lock";
			outputPaths = (
			);
			runOnlyForDeploymentPostprocessing = 0;
			shellPath = /bin/sh;
			shellScript = "diff \"${PODS_ROOT}/../Podfile.lock\" \"${PODS_ROOT}/Manifest.lock\" > /dev/null\nif [[ $? != 0 ]] ; then\n    cat << EOM\nerror: The sandbox is not in sync with the Podfile.lock. Run 'pod install' or update your CocoaPods installation.\nEOM\n    exit 1\nfi\n";
			showEnvVarsInLog = 0;
		};
/* End PBXShellScriptBuildPhase section */

/* Begin PBXSourcesBuildPhase section */
		A0681B541D2C42BF00CAF35F /* Sources */ = {
			isa = PBXSourcesBuildPhase;
			buildActionMask = 2147483647;
			files = (
				A0681B5E1D2C42BF00CAF35F /* ViewController.swift in Sources */,
				A0681B7E1D380A0000CAF35F /* Cell.swift in Sources */,
				A0681B5C1D2C42BF00CAF35F /* AppDelegate.swift in Sources */,
				A09DCAAD1D45AAAE009B07D7 /* MoreInfoViewController.swift in Sources */,
				A09DCAAF1D4A8633009B07D7 /* CustomButton.swift in Sources */,
				A0D1C8BC1D3C5EB100169BC8 /* AnimationEngine.swift in Sources */,
				A0681B761D318C7A00CAF35F /* SearchResultsTableViewController.swift in Sources */,
			);
			runOnlyForDeploymentPostprocessing = 0;
		};
/* End PBXSourcesBuildPhase section */

/* Begin PBXVariantGroup section */
		A0681B5F1D2C42BF00CAF35F /* Main.storyboard */ = {
			isa = PBXVariantGroup;
			children = (
				A0681B601D2C42BF00CAF35F /* Base */,
			);
			name = Main.storyboard;
			sourceTree = "<group>";
		};
		A0681B641D2C42BF00CAF35F /* LaunchScreen.storyboard */ = {
			isa = PBXVariantGroup;
			children = (
				A0681B651D2C42BF00CAF35F /* Base */,
			);
			name = LaunchScreen.storyboard;
			sourceTree = "<group>";
		};
/* End PBXVariantGroup section */

/* Begin XCBuildConfiguration section */
		A0681B681D2C42BF00CAF35F /* Debug */ = {
			isa = XCBuildConfiguration;
			buildSettings = {
				ALWAYS_SEARCH_USER_PATHS = NO;
				CLANG_ANALYZER_NONNULL = YES;
				CLANG_CXX_LANGUAGE_STANDARD = "gnu++0x";
				CLANG_CXX_LIBRARY = "libc++";
				CLANG_ENABLE_MODULES = YES;
				CLANG_ENABLE_OBJC_ARC = YES;
				CLANG_WARN_BOOL_CONVERSION = YES;
				CLANG_WARN_CONSTANT_CONVERSION = YES;
				CLANG_WARN_DIRECT_OBJC_ISA_USAGE = YES_ERROR;
				CLANG_WARN_EMPTY_BODY = YES;
				CLANG_WARN_ENUM_CONVERSION = YES;
				CLANG_WARN_INT_CONVERSION = YES;
				CLANG_WARN_OBJC_ROOT_CLASS = YES_ERROR;
				CLANG_WARN_UNREACHABLE_CODE = YES;
				CLANG_WARN__DUPLICATE_METHOD_MATCH = YES;
				"CODE_SIGN_IDENTITY[sdk=iphoneos*]" = "iPhone Developer";
				COPY_PHASE_STRIP = NO;
				DEBUG_INFORMATION_FORMAT = dwarf;
				ENABLE_STRICT_OBJC_MSGSEND = YES;
				ENABLE_TESTABILITY = YES;
				GCC_C_LANGUAGE_STANDARD = gnu99;
				GCC_DYNAMIC_NO_PIC = NO;
				GCC_NO_COMMON_BLOCKS = YES;
				GCC_OPTIMIZATION_LEVEL = 0;
				GCC_PREPROCESSOR_DEFINITIONS = (
					"DEBUG=1",
					"$(inherited)",
				);
				GCC_WARN_64_TO_32_BIT_CONVERSION = YES;
				GCC_WARN_ABOUT_RETURN_TYPE = YES_ERROR;
				GCC_WARN_UNDECLARED_SELECTOR = YES;
				GCC_WARN_UNINITIALIZED_AUTOS = YES_AGGRESSIVE;
				GCC_WARN_UNUSED_FUNCTION = YES;
				GCC_WARN_UNUSED_VARIABLE = YES;
				IPHONEOS_DEPLOYMENT_TARGET = 9.3;
				MTL_ENABLE_DEBUG_INFO = YES;
				ONLY_ACTIVE_ARCH = YES;
				SDKROOT = iphoneos;
				SWIFT_OPTIMIZATION_LEVEL = "-Onone";
			};
			name = Debug;
		};
		A0681B691D2C42BF00CAF35F /* Release */ = {
			isa = XCBuildConfiguration;
			buildSettings = {
				ALWAYS_SEARCH_USER_PATHS = NO;
				CLANG_ANALYZER_NONNULL = YES;
				CLANG_CXX_LANGUAGE_STANDARD = "gnu++0x";
				CLANG_CXX_LIBRARY = "libc++";
				CLANG_ENABLE_MODULES = YES;
				CLANG_ENABLE_OBJC_ARC = YES;
				CLANG_WARN_BOOL_CONVERSION = YES;
				CLANG_WARN_CONSTANT_CONVERSION = YES;
				CLANG_WARN_DIRECT_OBJC_ISA_USAGE = YES_ERROR;
				CLANG_WARN_EMPTY_BODY = YES;
				CLANG_WARN_ENUM_CONVERSION = YES;
				CLANG_WARN_INT_CONVERSION = YES;
				CLANG_WARN_OBJC_ROOT_CLASS = YES_ERROR;
				CLANG_WARN_UNREACHABLE_CODE = YES;
				CLANG_WARN__DUPLICATE_METHOD_MATCH = YES;
				"CODE_SIGN_IDENTITY[sdk=iphoneos*]" = "iPhone Developer";
				COPY_PHASE_STRIP = NO;
				DEBUG_INFORMATION_FORMAT = "dwarf-with-dsym";
				ENABLE_NS_ASSERTIONS = NO;
				ENABLE_STRICT_OBJC_MSGSEND = YES;
				GCC_C_LANGUAGE_STANDARD = gnu99;
				GCC_NO_COMMON_BLOCKS = YES;
				GCC_WARN_64_TO_32_BIT_CONVERSION = YES;
				GCC_WARN_ABOUT_RETURN_TYPE = YES_ERROR;
				GCC_WARN_UNDECLARED_SELECTOR = YES;
				GCC_WARN_UNINITIALIZED_AUTOS = YES_AGGRESSIVE;
				GCC_WARN_UNUSED_FUNCTION = YES;
				GCC_WARN_UNUSED_VARIABLE = YES;
				IPHONEOS_DEPLOYMENT_TARGET = 9.3;
				MTL_ENABLE_DEBUG_INFO = NO;
				SDKROOT = iphoneos;
				VALIDATE_PRODUCT = YES;
			};
			name = Release;
		};
		A0681B6B1D2C42BF00CAF35F /* Debug */ = {
			isa = XCBuildConfiguration;
			baseConfigurationReference = D1EB09500434FAA9F6665B78 /* Pods-Sold.debug.xcconfig */;
			buildSettings = {
				ASSETCATALOG_COMPILER_APPICON_NAME = AppIcon;
				CLANG_ENABLE_MODULES = YES;
				CODE_SIGN_IDENTITY = "iPhone Developer";
				FRAMEWORK_SEARCH_PATHS = (
					"$(inherited)",
					"$(PROJECT_DIR)",
				);
				INFOPLIST_FILE = Sold/Info.plist;
				IPHONEOS_DEPLOYMENT_TARGET = 8.0;
				LD_RUNPATH_SEARCH_PATHS = "$(inherited) @executable_path/Frameworks";
				PRODUCT_BUNDLE_IDENTIFIER = com.theramirez.sold;
				PRODUCT_NAME = "$(TARGET_NAME)";
				SWIFT_OBJC_BRIDGING_HEADER = "Sold/Sold-Bridging-Header.h";
				SWIFT_OPTIMIZATION_LEVEL = "-Onone";
			};
			name = Debug;
		};
		A0681B6C1D2C42BF00CAF35F /* Release */ = {
			isa = XCBuildConfiguration;
			baseConfigurationReference = F9444E2A075C11EBD8050F12 /* Pods-Sold.release.xcconfig */;
			buildSettings = {
				ASSETCATALOG_COMPILER_APPICON_NAME = AppIcon;
				CLANG_ENABLE_MODULES = YES;
				CODE_SIGN_IDENTITY = "iPhone Developer";
				FRAMEWORK_SEARCH_PATHS = (
					"$(inherited)",
					"$(PROJECT_DIR)",
				);
				INFOPLIST_FILE = Sold/Info.plist;
				IPHONEOS_DEPLOYMENT_TARGET = 8.0;
				LD_RUNPATH_SEARCH_PATHS = "$(inherited) @executable_path/Frameworks";
				PRODUCT_BUNDLE_IDENTIFIER = com.theramirez.sold;
				PRODUCT_NAME = "$(TARGET_NAME)";
				SWIFT_OBJC_BRIDGING_HEADER = "Sold/Sold-Bridging-Header.h";
			};
			name = Release;
		};
/* End XCBuildConfiguration section */

/* Begin XCConfigurationList section */
		A0681B531D2C42BF00CAF35F /* Build configuration list for PBXProject "Sold" */ = {
			isa = XCConfigurationList;
			buildConfigurations = (
				A0681B681D2C42BF00CAF35F /* Debug */,
				A0681B691D2C42BF00CAF35F /* Release */,
			);
			defaultConfigurationIsVisible = 0;
			defaultConfigurationName = Release;
		};
		A0681B6A1D2C42BF00CAF35F /* Build configuration list for PBXNativeTarget "Sold" */ = {
			isa = XCConfigurationList;
			buildConfigurations = (
				A0681B6B1D2C42BF00CAF35F /* Debug */,
				A0681B6C1D2C42BF00CAF35F /* Release */,
			);
			defaultConfigurationIsVisible = 0;
			defaultConfigurationName = Release;
		};
/* End XCConfigurationList section */
	};
	rootObject = A0681B501D2C42BF00CAF35F /* Project object */;
}
